# THIS IS AN AUTOGENERATED FILE. DO NOT EDIT THIS FILE DIRECTLY.
# yarn lockfile v1


ansi-styles@^3.2.1:
  version "3.2.1"
  resolved "https://registry.yarnpkg.com/ansi-styles/-/ansi-styles-3.2.1.tgz#41fbb20243e50b12be0f04b8dedbf07520ce841d"
  integrity sha512-VT0ZI6kZRdTh8YyJw3SMbYm/u+NqfsAxEpWO0Pf9sq8/e94WxxOpPKx9FR1FlyCtOVDNOQ+8ntlqFxiRc+r5qA==
  dependencies:
    color-convert "^1.9.0"

array-union@^1.0.1:
  version "1.0.2"
  resolved "https://registry.yarnpkg.com/array-union/-/array-union-1.0.2.tgz#9a34410e4f4e3da23dea375be5be70f24778ec39"
  integrity sha1-mjRBDk9OPaI96jdb5b5w8kd47Dk=
  dependencies:
    array-uniq "^1.0.1"

array-uniq@^1.0.1:
  version "1.0.3"
  resolved "https://registry.yarnpkg.com/array-uniq/-/array-uniq-1.0.3.tgz#af6ac877a25cc7f74e058894753858dfdb24fdb6"
  integrity sha1-r2rId6Jcx/dOBYiUdThY39sk/bY=

autoprefixer@^9.3.1:
  version "9.3.1"
  resolved "https://registry.yarnpkg.com/autoprefixer/-/autoprefixer-9.3.1.tgz#71b622174de2b783d5fd99f9ad617b7a3c78443e"
  integrity sha512-DY9gOh8z3tnCbJ13JIWaeQsoYncTGdsrgCceBaQSIL4nvdrLxgbRSBPevg2XbX7u4QCSfLheSJEEIUUSlkbx6Q==
  dependencies:
    browserslist "^4.3.3"
    caniuse-lite "^1.0.30000898"
    normalize-range "^0.1.2"
    num2fraction "^1.2.2"
    postcss "^7.0.5"
    postcss-value-parser "^3.3.1"

balanced-match@^1.0.0:
  version "1.0.0"
  resolved "https://registry.yarnpkg.com/balanced-match/-/balanced-match-1.0.0.tgz#89b4d199ab2bee49de164ea02b89ce462d71b767"
  integrity sha1-ibTRmasr7kneFk6gK4nORi1xt2c=

brace-expansion@^1.1.7:
  version "1.1.11"
  resolved "https://registry.yarnpkg.com/brace-expansion/-/brace-expansion-1.1.11.tgz#3c7fcbf529d87226f3d2f52b966ff5271eb441dd"
  integrity sha512-iCuPHDFgrHX7H2vEI/5xpz07zSHB00TpugqhmYtVmMO6518mCuRMoOYFldEBl0g187ufozdaHgWKcYFb61qGiA==
  dependencies:
    balanced-match "^1.0.0"
    concat-map "0.0.1"

browserslist@^4.3.3:
  version "4.3.4"
  resolved "https://registry.yarnpkg.com/browserslist/-/browserslist-4.3.4.tgz#4477b737db6a1b07077275b24791e680d4300425"
  integrity sha512-u5iz+ijIMUlmV8blX82VGFrB9ecnUg5qEt55CMZ/YJEhha+d8qpBfOFuutJ6F/VKRXjZoD33b6uvarpPxcl3RA==
  dependencies:
    caniuse-lite "^1.0.30000899"
    electron-to-chromium "^1.3.82"
    node-releases "^1.0.1"

camelcase-css@^1.0.1:
  version "1.0.1"
  resolved "https://registry.yarnpkg.com/camelcase-css/-/camelcase-css-1.0.1.tgz#157c4238265f5cf94a1dffde86446552cbf3f705"
  integrity sha1-FXxCOCZfXPlKHf/ehkRlUsvz9wU=

caniuse-lite@^1.0.30000898, caniuse-lite@^1.0.30000899:
  version "1.0.30000905"
  resolved "https://registry.yarnpkg.com/caniuse-lite/-/caniuse-lite-1.0.30000905.tgz#8f731ecf5b8553c7154a691c3df3a635a1a3fda5"
  integrity sha512-cR6ICguvhRrkAjFfBoe54vJQMVOEz7vFmqrV6oor1a7GRg6DdswI40lkiV/QQvAMb4txzTkjSaLaJaiAtSuQzA==

chalk@^2.4.1:
  version "2.4.1"
  resolved "https://registry.yarnpkg.com/chalk/-/chalk-2.4.1.tgz#18c49ab16a037b6eb0152cc83e3471338215b66e"
  integrity sha512-ObN6h1v2fTJSmUXoS3nMQ92LbDK9be4TV+6G+omQlGJFdcUX5heKi1LZ1YnRMIgwTLEj3E24bT6tYni50rlCfQ==
  dependencies:
    ansi-styles "^3.2.1"
    escape-string-regexp "^1.0.5"
    supports-color "^5.3.0"

color-convert@^1.9.0:
  version "1.9.3"
  resolved "https://registry.yarnpkg.com/color-convert/-/color-convert-1.9.3.tgz#bb71850690e1f136567de629d2d5471deda4c1e8"
  integrity sha512-QfAUtd+vFdAtFQcC8CCyYt1fYWxSqAiK2cSD6zDB8N3cpsEBAvRxp9zOGg6G/SHHJYAT88/az/IuDGALsNVbGg==
  dependencies:
    color-name "1.1.3"

color-name@1.1.3:
  version "1.1.3"
  resolved "https://registry.yarnpkg.com/color-name/-/color-name-1.1.3.tgz#a7d0558bd89c42f795dd42328f740831ca53bc25"
  integrity sha1-p9BVi9icQveV3UIyj3QIMcpTvCU=

concat-map@0.0.1:
  version "0.0.1"
  resolved "https://registry.yarnpkg.com/concat-map/-/concat-map-0.0.1.tgz#d8a96bd77fd68df7793a73036a3ba0d5405d477b"
  integrity sha1-2Klr13/Wjfd5OnMDajug1UBdR3s=

cssesc@^2.0.0:
  version "2.0.0"
  resolved "https://registry.yarnpkg.com/cssesc/-/cssesc-2.0.0.tgz#3b13bd1bb1cb36e1bcb5a4dcd27f54c5dcb35703"
  integrity sha512-MsCAG1z9lPdoO/IUMLSBWBSVxVtJ1395VGIQ+Fc2gNdkQ1hNDnQdw3YhA71WJCBW1vdwA0cAnk/DnW6bqoEUYg==

dot-prop@^4.1.1:
  version "4.2.0"
  resolved "https://registry.yarnpkg.com/dot-prop/-/dot-prop-4.2.0.tgz#1f19e0c2e1aa0e32797c49799f2837ac6af69c57"
  integrity sha512-tUMXrxlExSW6U2EXiiKGSBVdYgtV8qlHL+C10TsW4PURY/ic+eaysnSkwB4kA/mBlCyy/IKDJ+Lc3wbWeaXtuQ==
  dependencies:
    is-obj "^1.0.0"

electron-to-chromium@^1.3.82:
  version "1.3.83"
  resolved "https://registry.yarnpkg.com/electron-to-chromium/-/electron-to-chromium-1.3.83.tgz#74584eb0972bb6777811c5d68d988c722f5e6666"
  integrity sha512-DqJoDarxq50dcHsOOlMLNoy+qQitlMNbYb6wwbE0oUw2veHdRkpNrhmngiUYKMErdJ8SJ48rpJsZTQgy5SoEAA==

escape-string-regexp@^1.0.5:
  version "1.0.5"
  resolved "https://registry.yarnpkg.com/escape-string-regexp/-/escape-string-regexp-1.0.5.tgz#1b61c0562190a8dff6ae3bb2cf0200ca130b86d4"
  integrity sha1-G2HAViGQqN/2rjuyzwIAyhMLhtQ=

flatten@^1.0.2:
  version "1.0.2"
  resolved "https://registry.yarnpkg.com/flatten/-/flatten-1.0.2.tgz#dae46a9d78fbe25292258cc1e780a41d95c03782"
  integrity sha1-2uRqnXj74lKSJYzB54CkHZXAN4I=

fs.realpath@^1.0.0:
  version "1.0.0"
  resolved "https://registry.yarnpkg.com/fs.realpath/-/fs.realpath-1.0.0.tgz#1504ad2523158caa40db4a2787cb01411994ea4f"
  integrity sha1-FQStJSMVjKpA20onh8sBQRmU6k8=

glob@^7.0.3:
  version "7.1.3"
  resolved "https://registry.yarnpkg.com/glob/-/glob-7.1.3.tgz#3960832d3f1574108342dafd3a67b332c0969df1"
  integrity sha512-vcfuiIxogLV4DlGBHIUOwI0IbrJ8HWPc4MU7HzviGeNho/UJDfi6B5p3sHeWIQ0KGIU0Jpxi5ZHxemQfLkkAwQ==
  dependencies:
    fs.realpath "^1.0.0"
    inflight "^1.0.4"
    inherits "2"
    minimatch "^3.0.4"
    once "^1.3.0"
    path-is-absolute "^1.0.0"

globby@^6.1.0:
  version "6.1.0"
  resolved "https://registry.yarnpkg.com/globby/-/globby-6.1.0.tgz#f5a6d70e8395e21c858fb0489d64df02424d506c"
  integrity sha1-9abXDoOV4hyFj7BInWTfAkJNUGw=
  dependencies:
    array-union "^1.0.1"
    glob "^7.0.3"
    object-assign "^4.0.1"
    pify "^2.0.0"
    pinkie-promise "^2.0.0"

has-flag@^3.0.0:
  version "3.0.0"
  resolved "https://registry.yarnpkg.com/has-flag/-/has-flag-3.0.0.tgz#b5d454dc2199ae225699f3467e5a07f3b955bafd"
  integrity sha1-tdRU3CGZriJWmfNGfloH87lVuv0=

indexes-of@^1.0.1:
  version "1.0.1"
  resolved "https://registry.yarnpkg.com/indexes-of/-/indexes-of-1.0.1.tgz#f30f716c8e2bd346c7b67d3df3915566a7c05607"
  integrity sha1-8w9xbI4r00bHtn0985FVZqfAVgc=

inflight@^1.0.4:
  version "1.0.6"
  resolved "https://registry.yarnpkg.com/inflight/-/inflight-1.0.6.tgz#49bd6331d7d02d0c09bc910a1075ba8165b56df9"
  integrity sha1-Sb1jMdfQLQwJvJEKEHW6gWW1bfk=
  dependencies:
    once "^1.3.0"
    wrappy "1"

inherits@2:
  version "2.0.3"
  resolved "https://registry.yarnpkg.com/inherits/-/inherits-2.0.3.tgz#633c2c83e3da42a502f52466022480f4208261de"
  integrity sha1-Yzwsg+PaQqUC9SRmAiSA9CCCYd4=

is-extglob@^2.1.1:
  version "2.1.1"
  resolved "https://registry.yarnpkg.com/is-extglob/-/is-extglob-2.1.1.tgz#a88c02535791f02ed37c76a1b9ea9773c833f8c2"
  integrity sha1-qIwCU1eR8C7TfHahueqXc8gz+MI=

is-glob@^4.0.0:
  version "4.0.0"
  resolved "https://registry.yarnpkg.com/is-glob/-/is-glob-4.0.0.tgz#9521c76845cc2610a85203ddf080a958c2ffabc0"
  integrity sha1-lSHHaEXMJhCoUgPd8ICpWML/q8A=
  dependencies:
    is-extglob "^2.1.1"

is-obj@^1.0.0:
  version "1.0.1"
  resolved "https://registry.yarnpkg.com/is-obj/-/is-obj-1.0.1.tgz#3e4729ac1f5fde025cd7d83a896dab9f4f67db0f"
  integrity sha1-PkcprB9f3gJc19g6iW2rn09n2w8=

lodash@^4.17.4:
  version "4.17.11"
  resolved "https://registry.yarnpkg.com/lodash/-/lodash-4.17.11.tgz#b39ea6229ef607ecd89e2c8df12536891cac9b8d"
  integrity sha512-cQKh8igo5QUhZ7lg38DYWAxMvjSAKG0A8wGSVimP07SIUEK2UO+arSRKbRZWtelMtN5V0Hkwh5ryOto/SshYIg==

minimatch@^3.0.4:
  version "3.0.4"
  resolved "https://registry.yarnpkg.com/minimatch/-/minimatch-3.0.4.tgz#5166e286457f03306064be5497e8dbb0c3d32083"
  integrity sha512-yJHVQEhyqPLUTgt9B83PXu6W3rx4MvvHvSUvToogpwoGDOUQ+yDrR0HRot+yOCdCO7u4hX3pWft6kWBBcqh0UA==
  dependencies:
    brace-expansion "^1.1.7"

node-releases@^1.0.1:
  version "1.0.3"
  resolved "https://registry.yarnpkg.com/node-releases/-/node-releases-1.0.3.tgz#3414ed84595096459c251699bfcb47d88324a9e4"
  integrity sha512-ZaZWMsbuDcetpHmYeKWPO6e63pSXLb50M7lJgCbcM2nC/nQC3daNifmtp5a2kp7EWwYfhuvH6zLPWkrF8IiDdw==
  dependencies:
    semver "^5.3.0"

normalize-range@^0.1.2:
  version "0.1.2"
  resolved "https://registry.yarnpkg.com/normalize-range/-/normalize-range-0.1.2.tgz#2d10c06bdfd312ea9777695a4d28439456b75942"
  integrity sha1-LRDAa9/TEuqXd2laTShDlFa3WUI=

normalize.css@^7.0.0:
  version "7.0.0"
  resolved "https://registry.yarnpkg.com/normalize.css/-/normalize.css-7.0.0.tgz#abfb1dd82470674e0322b53ceb1aaf412938e4bf"
  integrity sha1-q/sd2CRwZ04DIrU86xqvQSk45L8=

normalize.css@^8.0.0:
  version "8.0.0"
  resolved "https://registry.yarnpkg.com/normalize.css/-/normalize.css-8.0.0.tgz#14ac5e461612538a4ce9be90a7da23f86e718493"
  integrity sha512-iXcbM3NWr0XkNyfiSBsoPezi+0V92P9nj84yVV1/UZxRUrGczgX/X91KMAGM0omWLY2+2Q1gKD/XRn4gQRDB2A==

num2fraction@^1.2.2:
  version "1.2.2"
  resolved "https://registry.yarnpkg.com/num2fraction/-/num2fraction-1.2.2.tgz#6f682b6a027a4e9ddfa4564cd2589d1d4e669ede"
  integrity sha1-b2gragJ6Tp3fpFZM0lidHU5mnt4=

object-assign@^4.0.1:
  version "4.1.1"
  resolved "https://registry.yarnpkg.com/object-assign/-/object-assign-4.1.1.tgz#2109adc7965887cfc05cbbd442cac8bfbb360863"
  integrity sha1-IQmtx5ZYh8/AXLvUQsrIv7s2CGM=

once@^1.3.0:
  version "1.4.0"
  resolved "https://registry.yarnpkg.com/once/-/once-1.4.0.tgz#583b1aa775961d4b113ac17d9c50baef9dd76bd1"
  integrity sha1-WDsap3WWHUsROsF9nFC6753Xa9E=
  dependencies:
    wrappy "1"

path-is-absolute@^1.0.0:
  version "1.0.1"
  resolved "https://registry.yarnpkg.com/path-is-absolute/-/path-is-absolute-1.0.1.tgz#174b9268735534ffbc7ace6bf53a5a9e1b5c5f5f"
  integrity sha1-F0uSaHNVNP+8es5r9TpanhtcX18=

path-parse@^1.0.5:
  version "1.0.6"
  resolved "https://registry.yarnpkg.com/path-parse/-/path-parse-1.0.6.tgz#d62dbb5679405d72c4737ec58600e9ddcf06d24c"
  integrity sha512-GSmOT2EbHrINBf9SR7CDELwlJ8AENk3Qn7OikK4nFYAu3Ote2+JYNVvkpAEQm3/TLNEJFD/xZJjzyxg3KBWOzw==

pify@^2.0.0, pify@^2.3.0:
  version "2.3.0"
  resolved "https://registry.yarnpkg.com/pify/-/pify-2.3.0.tgz#ed141a6ac043a849ea588498e7dca8b15330e90c"
  integrity sha1-7RQaasBDqEnqWISY59yosVMw6Qw=

pify@^3.0.0:
  version "3.0.0"
  resolved "https://registry.yarnpkg.com/pify/-/pify-3.0.0.tgz#e5a4acd2c101fdf3d9a4d07f0dbc4db49dd28176"
  integrity sha1-5aSs0sEB/fPZpNB/DbxNtJ3SgXY=

pinkie-promise@^2.0.0:
  version "2.0.1"
  resolved "https://registry.yarnpkg.com/pinkie-promise/-/pinkie-promise-2.0.1.tgz#2135d6dfa7a358c069ac9b178776288228450ffa"
  integrity sha1-ITXW36ejWMBprJsXh3YogihFD/o=
  dependencies:
    pinkie "^2.0.0"

pinkie@^2.0.0:
  version "2.0.4"
  resolved "https://registry.yarnpkg.com/pinkie/-/pinkie-2.0.4.tgz#72556b80cfa0d48a974e80e77248e80ed4f7f870"
  integrity sha1-clVrgM+g1IqXToDnckjoDtT3+HA=

postcss-custom-media@^7.0.7:
  version "7.0.7"
  resolved "https://registry.yarnpkg.com/postcss-custom-media/-/postcss-custom-media-7.0.7.tgz#bbc698ed3089ded61aad0f5bfb1fb48bf6969e73"
  integrity sha512-bWPCdZKdH60wKOTG4HKEgxWnZVjAIVNOJDvi3lkuTa90xo/K0YHa2ZnlKLC5e2qF8qCcMQXt0yzQITBp8d0OFA==
  dependencies:
    postcss "^7.0.5"

postcss-custom-properties@^8.0.9:
  version "8.0.9"
  resolved "https://registry.yarnpkg.com/postcss-custom-properties/-/postcss-custom-properties-8.0.9.tgz#8943870528a6eae4c8e8d285b6ccc9fd1f97e69c"
  integrity sha512-/Lbn5GP2JkKhgUO2elMs4NnbUJcvHX4AaF5nuJDaNkd2chYW1KA5qtOGGgdkBEWcXtKSQfHXzT7C6grEVyb13w==
  dependencies:
    postcss "^7.0.5"
    postcss-values-parser "^2.0.0"

postcss-custom-selectors@^5.1.2:
  version "5.1.2"
  resolved "https://registry.yarnpkg.com/postcss-custom-selectors/-/postcss-custom-selectors-5.1.2.tgz#64858c6eb2ecff2fb41d0b28c9dd7b3db4de7fba"
  integrity sha512-DSGDhqinCqXqlS4R7KGxL1OSycd1lydugJ1ky4iRXPHdBRiozyMHrdu0H3o7qNOCiZwySZTUI5MV0T8QhCLu+w==
  dependencies:
    postcss "^7.0.2"
    postcss-selector-parser "^5.0.0-rc.3"

postcss-discard-comments@^4.0.1:
  version "4.0.1"
  resolved "https://registry.yarnpkg.com/postcss-discard-comments/-/postcss-discard-comments-4.0.1.tgz#30697735b0c476852a7a11050eb84387a67ef55d"
  integrity sha512-Ay+rZu1Sz6g8IdzRjUgG2NafSNpp2MSMOQUb+9kkzzzP+kh07fP0yNbhtFejURnyVXSX3FYy2nVNW1QTnNjgBQ==
  dependencies:
    postcss "^7.0.0"

postcss-easy-import@^3.0.0:
  version "3.0.0"
  resolved "https://registry.yarnpkg.com/postcss-easy-import/-/postcss-easy-import-3.0.0.tgz#8eaaf5ae59566083d0cae98735dfd803e3ab194d"
  integrity sha512-cfNsear/v8xlkl9v5Wm8y4Do/puiDQTFF+WX2Fo++h7oKt1fKWVVW/5Ca8hslYDQWnjndrg813cA23Pt1jsYdg==
  dependencies:
    globby "^6.1.0"
    is-glob "^4.0.0"
    lodash "^4.17.4"
    object-assign "^4.0.1"
    pify "^3.0.0"
    postcss "^6.0.11"
    postcss-import "^10.0.0"
    resolve "^1.1.7"

postcss-import@^10.0.0:
  version "10.0.0"
  resolved "https://registry.yarnpkg.com/postcss-import/-/postcss-import-10.0.0.tgz#4c85c97b099136cc5ea0240dc1dfdbfde4e2ebbe"
  integrity sha1-TIXJewmRNsxeoCQNwd/b/eTi674=
  dependencies:
    object-assign "^4.0.1"
    postcss "^6.0.1"
    postcss-value-parser "^3.2.3"
    read-cache "^1.0.0"
    resolve "^1.1.7"

postcss-js@^1.0.1:
  version "1.0.1"
  resolved "https://registry.yarnpkg.com/postcss-js/-/postcss-js-1.0.1.tgz#ffaf29226e399ea74b5dce02cab1729d7addbc7b"
  integrity sha512-smhUUMF5o5W1ZCQSyh5A3lNOXFLdNrxqyhWbLsGolZH2AgVmlyhxhYbIixfsdKE6r1vG5i7O40DPcvEvE1mvjw==
  dependencies:
    camelcase-css "^1.0.1"
    postcss "^6.0.11"

postcss-mixins@^6.2.0:
  version "6.2.0"
  resolved "https://registry.yarnpkg.com/postcss-mixins/-/postcss-mixins-6.2.0.tgz#fa9d2c2166b2ae7745956c727ab9dd2de4b96a40"
  integrity sha512-1lR6vY7JqIlFKPwVQUhx4ozVZjn1B6nY+O1avH3aX9ek8vFFxxcxewqsjN6QhWKfj/03OxcGpNi6/7pgfwbcPw==
  dependencies:
    globby "^6.1.0"
    postcss "^6.0.13"
    postcss-js "^1.0.1"
    postcss-simple-vars "^4.1.0"
    sugarss "^1.0.0"

postcss-nested@^4.1.0:
  version "4.1.0"
  resolved "https://registry.yarnpkg.com/postcss-nested/-/postcss-nested-4.1.0.tgz#271da8a047f2ee378139410ae2400b1c67d0bf30"
  integrity sha512-owY13v4s3WWTUjsT1H1Cgpa4veHjcBJ/FqbgORe1dJIKpggbFoh6ww+zUP0nzrvy7fXGihcuFhJQj3eXtaWXsw==
  dependencies:
    postcss "^7.0.2"
    postcss-selector-parser "^3.1.1"

postcss-selector-parser@^3.1.1:
  version "3.1.1"
  resolved "https://registry.yarnpkg.com/postcss-selector-parser/-/postcss-selector-parser-3.1.1.tgz#4f875f4afb0c96573d5cf4d74011aee250a7e865"
  integrity sha1-T4dfSvsMllc9XPTXQBGu4lCn6GU=
  dependencies:
    dot-prop "^4.1.1"
    indexes-of "^1.0.1"
    uniq "^1.0.1"

postcss-selector-parser@^5.0.0-rc.3:
  version "5.0.0-rc.4"
  resolved "https://registry.yarnpkg.com/postcss-selector-parser/-/postcss-selector-parser-5.0.0-rc.4.tgz#ca5e77238bf152966378c13e91ad6d611568ea87"
  integrity sha512-0XvfYuShrKlTk1ooUrVzMCFQRcypsdEIsGqh5IxC5rdtBi4/M/tDAJeSONwC2MTqEFsmPZYAV7Dd4X8rgAfV0A==
  dependencies:
    cssesc "^2.0.0"
    indexes-of "^1.0.1"
    uniq "^1.0.1"

postcss-simple-vars@^4.1.0:
  version "4.1.0"
  resolved "https://registry.yarnpkg.com/postcss-simple-vars/-/postcss-simple-vars-4.1.0.tgz#043248cfef8d3f51b3486a28c09f8375dbf1b2f9"
  integrity sha512-J/TRomA8EqXhS4VjQJsPCYTFIa9FYN/dkJK/8oZ0BYeVIPx91goqM8T+ljsP57+4bwSEywFOuB7EZ8n1gjjxZw==
  dependencies:
    postcss "^6.0.9"

postcss-value-parser@^3.2.3:
  version "3.3.0"
  resolved "https://registry.yarnpkg.com/postcss-value-parser/-/postcss-value-parser-3.3.0.tgz#87f38f9f18f774a4ab4c8a232f5c5ce8872a9d15"
  integrity sha1-h/OPnxj3dKSrTIojL1xc6IcqnRU=

postcss-value-parser@^3.3.1:
  version "3.3.1"
  resolved "https://registry.yarnpkg.com/postcss-value-parser/-/postcss-value-parser-3.3.1.tgz#9ff822547e2893213cf1c30efa51ac5fd1ba8281"
  integrity sha512-pISE66AbVkp4fDQ7VHBwRNXzAAKJjw4Vw7nWI/+Q3vuly7SNfgYXvm6i5IgFylHGK5sP/xHAbB7N49OS4gWNyQ==

postcss-values-parser@^2.0.0:
  version "2.0.0"
  resolved "https://registry.yarnpkg.com/postcss-values-parser/-/postcss-values-parser-2.0.0.tgz#1ba42cae31367c44f96721cb5eb99462bfb39705"
  integrity sha512-cyRdkgbRRefu91ByAlJow4y9w/hnBmmWgLpWmlFQ2bpIy2eKrqowt3VeYcaHQ08otVXmC9V2JtYW1Z/RpvYR8A==
  dependencies:
    flatten "^1.0.2"
    indexes-of "^1.0.1"
    uniq "^1.0.1"

postcss@^6.0.1, postcss@^6.0.11, postcss@^6.0.13, postcss@^6.0.14, postcss@^6.0.9:
  version "6.0.23"
  resolved "https://registry.yarnpkg.com/postcss/-/postcss-6.0.23.tgz#61c82cc328ac60e677645f979054eb98bc0e3324"
  integrity sha512-soOk1h6J3VMTZtVeVpv15/Hpdl2cBLX3CAw4TAbkpTJiNPk9YP/zWcD1ND+xEtvyuuvKzbxliTOIyvkSeSJ6ag==
  dependencies:
    chalk "^2.4.1"
    source-map "^0.6.1"
    supports-color "^5.4.0"

postcss@^7.0.0, postcss@^7.0.2, postcss@^7.0.5:
  version "7.0.5"
  resolved "https://registry.yarnpkg.com/postcss/-/postcss-7.0.5.tgz#70e6443e36a6d520b0fd4e7593fcca3635ee9f55"
  integrity sha512-HBNpviAUFCKvEh7NZhw1e8MBPivRszIiUnhrJ+sBFVSYSqubrzwX3KG51mYgcRHX8j/cAgZJedONZcm5jTBdgQ==
  dependencies:
    chalk "^2.4.1"
    source-map "^0.6.1"
    supports-color "^5.5.0"

read-cache@^1.0.0:
  version "1.0.0"
  resolved "https://registry.yarnpkg.com/read-cache/-/read-cache-1.0.0.tgz#e664ef31161166c9751cdbe8dbcf86b5fb58f774"
  integrity sha1-5mTvMRYRZsl1HNvo28+GtftY93Q=
  dependencies:
    pify "^2.3.0"

resolve@^1.1.7:
  version "1.8.1"
  resolved "https://registry.yarnpkg.com/resolve/-/resolve-1.8.1.tgz#82f1ec19a423ac1fbd080b0bab06ba36e84a7a26"
  integrity sha512-AicPrAC7Qu1JxPCZ9ZgCZlY35QgFnNqc+0LtbRNxnVw4TXvjQ72wnuL9JQcEBgXkI9JM8MsT9kaQoHcpCRJOYA==
  dependencies:
    path-parse "^1.0.5"

semver@^5.3.0:
  version "5.6.0"
  resolved "https://registry.yarnpkg.com/semver/-/semver-5.6.0.tgz#7e74256fbaa49c75aa7c7a205cc22799cac80004"
  integrity sha512-RS9R6R35NYgQn++fkDWaOmqGoj4Ek9gGs+DPxNUZKuwE183xjJroKvyo1IzVFeXvUrvmALy6FWD5xrdJT25gMg==

source-map@^0.6.1:
  version "0.6.1"
  resolved "https://registry.yarnpkg.com/source-map/-/source-map-0.6.1.tgz#74722af32e9614e9c287a8d0bbde48b5e2f1a263"
  integrity sha512-UjgapumWlbMhkBgzT7Ykc5YXUT46F0iKu8SGXq0bcwP5dz/h0Plj6enJqjz1Zbq2l5WaqYnrVbwWOWMyF3F47g==

sugarss@^1.0.0:
  version "1.0.1"
  resolved "https://registry.yarnpkg.com/sugarss/-/sugarss-1.0.1.tgz#be826d9003e0f247735f92365dc3fd7f1bae9e44"
  integrity sha512-3qgLZytikQQEVn1/FrhY7B68gPUUGY3R1Q1vTiD5xT+Ti1DP/8iZuwFet9ONs5+bmL8pZoDQ6JrQHVgrNlK6mA==
  dependencies:
    postcss "^6.0.14"

suitcss-base@^4.0.0:
  version "4.0.0"
  resolved "https://registry.yarnpkg.com/suitcss-base/-/suitcss-base-4.0.0.tgz#f3374526410c90e28a3fd8435947f1caa6146eb6"
  integrity sha512-yw6fqMlyj0eDfnUnvT9Va/kFdDx58g99WenDeEiWlmrLFZUNlydCThZri4x53hn9FEIyXKZxVO3s1C3J6BbSvw==
  dependencies:
    normalize.css "^7.0.0"

supports-color@^5.3.0, supports-color@^5.4.0, supports-color@^5.5.0:
  version "5.5.0"
  resolved "https://registry.yarnpkg.com/supports-color/-/supports-color-5.5.0.tgz#e2e69a44ac8772f78a1ec0b35b689df6530efc8f"
  integrity sha512-QjVjwdXIt408MIiAqCX4oUKsgU2EqAGzs2Ppkm4aQYbjm+ZEWEcW4SfFNTr4uMNZma0ey4f5lgLrkB0aX0QMow==
  dependencies:
    has-flag "^3.0.0"

uniq@^1.0.1:
  version "1.0.1"
  resolved "https://registry.yarnpkg.com/uniq/-/uniq-1.0.1.tgz#b31c5ae8254844a3a8281541ce2b04b865a734ff"
  integrity sha1-sxxa6CVIRKOoKBVBzisEuGWnNP8=

wrappy@1:
  version "1.0.2"
  resolved "https://registry.yarnpkg.com/wrappy/-/wrappy-1.0.2.tgz#b5243d8f3ec1aa35f1364605bc0d1036e30ab69f"
  integrity sha1-tSQ9jz7BqjXxNkYFvA0QNuMKtp8=
